
Microsoft Visual Studio Solution File, Format Version 12.00
# Visual Studio Version 16
VisualStudioVersion = 16.0.31410.357
MinimumVisualStudioVersion = 10.0.40219.1
Project("{FAE04EC0-301F-11D3-BF4B-00C04F79EFBC}") = "MitraSolusiTelematika_Test", "MitraSolusiTelematika_Test\MitraSolusiTelematika_Test.csproj", "{EB5A7B24-826F-40F5-9FEB-278DE9951DC6}"
EndProject
Project("{FAE04EC0-301F-11D3-BF4B-00C04F79EFBC}") = "Common", "Common\Common.csproj", "{DD6ADAAF-4A0A-4986-A3E2-30D4535B5C56}"
EndProject
Global
	GlobalSection(SolutionConfigurationPlatforms) = preSolution
		Debug|Any CPU = Debug|Any CPU
		Release|Any CPU = Release|Any CPU
	EndGlobalSection
	GlobalSection(ProjectConfigurationPlatforms) = postSolution
		{EB5A7B24-826F-40F5-9FEB-278DE9951DC6}.Debug|Any CPU.ActiveCfg = Debug|Any CPU
		{EB5A7B24-826F-40F5-9FEB-278DE9951DC6}.Debug|Any CPU.Build.0 = Debug|Any CPU
		{EB5A7B24-826F-40F5-9FEB-278DE9951DC6}.Release|Any CPU.ActiveCfg = Release|Any CPU
		{EB5A7B24-826F-40F5-9FEB-278DE9951DC6}.Release|Any CPU.Build.0 = Release|Any CPU
		{DD6ADAAF-4A0A-4986-A3E2-30D4535B5C56}.Debug|Any CPU.ActiveCfg = Debug|Any CPU
		{DD6ADAAF-4A0A-4986-A3E2-30D4535B5C56}.Debug|Any CPU.Build.0 = Debug|Any CPU
		{DD6ADAAF-4A0A-4986-A3E2-30D4535B5C56}.Release|Any CPU.ActiveCfg = Release|Any CPU
		{DD6ADAAF-4A0A-4986-A3E2-30D4535B5C56}.Release|Any CPU.Build.0 = Release|Any CPU
	EndGlobalSection
	GlobalSection(SolutionProperties) = preSolution
		HideSolutionNode = FALSE
	EndGlobalSection
	GlobalSection(ExtensibilityGlobals) = postSolution
		SolutionGuid = {250A0ACA-B950-41F8-909C-91255F78D258}
	EndGlobalSection
EndGlobal
